
Microsoft Visual Studio Solution File, Format Version 12.00
# Visual Studio Version 16
VisualStudioVersion = 16.0.29123.88
MinimumVisualStudioVersion = 10.0.40219.1
Project("{FAE04EC0-301F-11D3-BF4B-00C04F79EFBC}") = "Bases-de-Datos-Progra1", "Bases-de-Datos-Progra1\Bases-de-Datos-Progra1.csproj", "{E10C1916-0ADB-46F1-A8A5-0F657EF26B9C}"
EndProject
Global
	GlobalSection(SolutionConfigurationPlatforms) = preSolution
		Debug|Any CPU = Debug|Any CPU
		Release|Any CPU = Release|Any CPU
	EndGlobalSection
	GlobalSection(ProjectConfigurationPlatforms) = postSolution
		{E10C1916-0ADB-46F1-A8A5-0F657EF26B9C}.Debug|Any CPU.ActiveCfg = Debug|Any CPU
		{E10C1916-0ADB-46F1-A8A5-0F657EF26B9C}.Debug|Any CPU.Build.0 = Debug|Any CPU
		{E10C1916-0ADB-46F1-A8A5-0F657EF26B9C}.Release|Any CPU.ActiveCfg = Release|Any CPU
		{E10C1916-0ADB-46F1-A8A5-0F657EF26B9C}.Release|Any CPU.Build.0 = Release|Any CPU
	EndGlobalSection
	GlobalSection(SolutionProperties) = preSolution
		HideSolutionNode = FALSE
	EndGlobalSection
	GlobalSection(ExtensibilityGlobals) = postSolution
		SolutionGuid = {95EC2D60-5F8A-479E-A51C-82171FE5049A}
	EndGlobalSection
EndGlobal
